{
  "lockfileVersion": 1,
  "workspaces": {
    "": {
      "name": "dataviewjs-habit-tracker",
      "devDependencies": {
        "@adamhl8/configs": "^0.9.1",
        "@biomejs/biome": "^2.1.1",
        "@types/bun": "^1.2.18",
        "@types/luxon": "^3.6.2",
        "obsidian-dataview": "^0.5.68",
        "tsc-alias": "^1.8.16",
        "typescript": "^5.8.3",
      },
    },
  },
  "packages": {
    "@adamhl8/configs": ["@adamhl8/configs@0.9.1", "", { "dependencies": { "@prettier/plugin-xml": "^3.4.2", "prettier-plugin-astro": "^0.14.1", "prettier-plugin-sh": "^0.18.0", "prettier-plugin-tailwindcss": "^0.6.13", "prettier-plugin-toml": "^2.0.5" } }, "sha512-m6bwdY5tPPuMoCvXphfPWL9fS5YJetGCBSAKbfyJKpnyvGcJv1lHC8k+8Swmj5g2Ia9JIYpm6mqhPDY8+91RbQ=="],

    "@astrojs/compiler": ["@astrojs/compiler@2.12.2", "", {}, "sha512-w2zfvhjNCkNMmMMOn5b0J8+OmUaBL1o40ipMvqcG6NRpdC+lKxmTi48DT8Xw0SzJ3AfmeFLB45zXZXtmbsjcgw=="],

    "@biomejs/biome": ["@biomejs/biome@2.1.1", "", { "optionalDependencies": { "@biomejs/cli-darwin-arm64": "2.1.1", "@biomejs/cli-darwin-x64": "2.1.1", "@biomejs/cli-linux-arm64": "2.1.1", "@biomejs/cli-linux-arm64-musl": "2.1.1", "@biomejs/cli-linux-x64": "2.1.1", "@biomejs/cli-linux-x64-musl": "2.1.1", "@biomejs/cli-win32-arm64": "2.1.1", "@biomejs/cli-win32-x64": "2.1.1" }, "bin": { "biome": "bin/biome" } }, "sha512-HFGYkxG714KzG+8tvtXCJ1t1qXQMzgWzfvQaUjxN6UeKv+KvMEuliInnbZLJm6DXFXwqVi6446EGI0sGBLIYng=="],

    "@biomejs/cli-darwin-arm64": ["@biomejs/cli-darwin-arm64@2.1.1", "", { "os": "darwin", "cpu": "arm64" }, "sha512-2Muinu5ok4tWxq4nu5l19el48cwCY/vzvI7Vjbkf3CYIQkjxZLyj0Ad37Jv2OtlXYaLvv+Sfu1hFeXt/JwRRXQ=="],

    "@biomejs/cli-darwin-x64": ["@biomejs/cli-darwin-x64@2.1.1", "", { "os": "darwin", "cpu": "x64" }, "sha512-cC8HM5lrgKQXLAK+6Iz2FrYW5A62pAAX6KAnRlEyLb+Q3+Kr6ur/sSuoIacqlp1yvmjHJqjYfZjPvHWnqxoEIA=="],

    "@biomejs/cli-linux-arm64": ["@biomejs/cli-linux-arm64@2.1.1", "", { "os": "linux", "cpu": "arm64" }, "sha512-tw4BEbhAUkWPe4WBr6IX04DJo+2jz5qpPzpW/SWvqMjb9QuHY8+J0M23V8EPY/zWU4IG8Ui0XESapR1CB49Q7g=="],

    "@biomejs/cli-linux-arm64-musl": ["@biomejs/cli-linux-arm64-musl@2.1.1", "", { "os": "linux", "cpu": "arm64" }, "sha512-/7FBLnTswu4jgV9ttI3AMIdDGqVEPIZd8I5u2D4tfCoj8rl9dnjrEQbAIDlWhUXdyWlFSz8JypH3swU9h9P+2A=="],

    "@biomejs/cli-linux-x64": ["@biomejs/cli-linux-x64@2.1.1", "", { "os": "linux", "cpu": "x64" }, "sha512-3WJ1GKjU7NzZb6RTbwLB59v9cTIlzjbiFLDB0z4376TkDqoNYilJaC37IomCr/aXwuU8QKkrYoHrgpSq5ffJ4Q=="],

    "@biomejs/cli-linux-x64-musl": ["@biomejs/cli-linux-x64-musl@2.1.1", "", { "os": "linux", "cpu": "x64" }, "sha512-kUu+loNI3OCD2c12cUt7M5yaaSjDnGIksZwKnueubX6c/HWUyi/0mPbTBHR49Me3F0KKjWiKM+ZOjsmC+lUt9g=="],

    "@biomejs/cli-win32-arm64": ["@biomejs/cli-win32-arm64@2.1.1", "", { "os": "win32", "cpu": "arm64" }, "sha512-vEHK0v0oW+E6RUWLoxb2isI3rZo57OX9ZNyyGH701fZPj6Il0Rn1f5DMNyCmyflMwTnIQstEbs7n2BxYSqQx4Q=="],

    "@biomejs/cli-win32-x64": ["@biomejs/cli-win32-x64@2.1.1", "", { "os": "win32", "cpu": "x64" }, "sha512-i2PKdn70kY++KEF/zkQFvQfX1e8SkA8hq4BgC+yE9dZqyLzB/XStY2MvwI3qswlRgnGpgncgqe0QYKVS1blksg=="],

    "@codemirror/language": ["@codemirror/language@github:lishid/cm-language#a9c3c7e", { "dependencies": { "@codemirror/state": "^6.0.0", "@codemirror/view": "^6.23.0", "@lezer/common": "^1.1.0", "@lezer/highlight": "^1.0.0", "@lezer/lr": "^1.0.0", "style-mod": "^4.0.0" } }, "lishid-cm-language-a9c3c7e"],

    "@codemirror/state": ["@codemirror/state@6.5.2", "", { "dependencies": { "@marijn/find-cluster-break": "^1.0.0" } }, "sha512-FVqsPqtPWKVVL3dPSxy8wEF/ymIEuVzF1PK3VbUgrxXpJUSHQWWZz4JMToquRxnkw+36LTamCZG2iua2Ptq0fA=="],

    "@codemirror/view": ["@codemirror/view@6.38.0", "", { "dependencies": { "@codemirror/state": "^6.5.0", "crelt": "^1.0.6", "style-mod": "^4.1.0", "w3c-keyname": "^2.2.4" } }, "sha512-yvSchUwHOdupXkd7xJ0ob36jdsSR/I+/C+VbY0ffBiL5NiSTEBDfB1ZGWbbIlDd5xgdUkody+lukAdOxYrOBeg=="],

    "@lezer/common": ["@lezer/common@1.2.3", "", {}, "sha512-w7ojc8ejBqr2REPsWxJjrMFsA/ysDCFICn8zEOR9mrqzOu2amhITYuLD8ag6XZf0CFXDrhKqw7+tW8cX66NaDA=="],

    "@lezer/highlight": ["@lezer/highlight@1.2.1", "", { "dependencies": { "@lezer/common": "^1.0.0" } }, "sha512-Z5duk4RN/3zuVO7Jq0pGLJ3qynpxUVsh7IbUbGj88+uV2ApSAn6kWg2au3iJb+0Zi7kKtqffIESgNcRXWZWmSA=="],

    "@lezer/lr": ["@lezer/lr@1.4.2", "", { "dependencies": { "@lezer/common": "^1.0.0" } }, "sha512-pu0K1jCIdnQ12aWNaAVU5bzi7Bd1w54J3ECgANPmYLtQKP0HBj2cE/5coBD66MT10xbtIuUr7tg0Shbsvk0mDA=="],

    "@marijn/find-cluster-break": ["@marijn/find-cluster-break@1.0.2", "", {}, "sha512-l0h88YhZFyKdXIFNfSWpyjStDjGHwZ/U7iobcK1cQQD8sejsONdQtTVU+1wVN1PBw40PiiHB1vA5S7VTfQiP9g=="],

    "@nodelib/fs.scandir": ["@nodelib/fs.scandir@2.1.5", "", { "dependencies": { "@nodelib/fs.stat": "2.0.5", "run-parallel": "^1.1.9" } }, "sha512-vq24Bq3ym5HEQm2NKCr3yXDwjc7vTsEThRDnkp2DK9p1uqLR+DHurm/NOTo0KG7HYHU7eppKZj3MyqYuMBf62g=="],

    "@nodelib/fs.stat": ["@nodelib/fs.stat@2.0.5", "", {}, "sha512-RkhPPp2zrqDAQA/2jNhnztcPAlv64XdhIp7a7454A5ovI7Bukxgt7MX7udwAu3zg1DcpPU0rz3VV1SeaqvY4+A=="],

    "@nodelib/fs.walk": ["@nodelib/fs.walk@1.2.8", "", { "dependencies": { "@nodelib/fs.scandir": "2.1.5", "fastq": "^1.6.0" } }, "sha512-oGB+UxlgWcgQkgwo8GcEGwemoTFt3FIO9ababBmaGwXIoBKZ+GTy0pP185beGg7Llih/NSHSV2XAs1lnznocSg=="],

    "@prettier/plugin-xml": ["@prettier/plugin-xml@3.4.2", "", { "dependencies": { "@xml-tools/parser": "^1.0.11" }, "peerDependencies": { "prettier": "^3.0.0" } }, "sha512-/UyNlHfkuLXG6Ed85KB0WBF283xn2yavR+UtRibBRUcvEJId2DSLdGXwJ/cDa1X++SWDPzq3+GSFniHjkNy7yg=="],

    "@reteps/dockerfmt": ["@reteps/dockerfmt@0.3.6", "", {}, "sha512-Tb5wIMvBf/nLejTQ61krK644/CEMB/cpiaIFXqGApfGqO3GwcR3qnI0DbmkFVCl2OyEp8LnLX3EkucoL0+tbFg=="],

    "@taplo/core": ["@taplo/core@0.2.0", "", {}, "sha512-r8bl54Zj1In3QLkiW/ex694bVzpPJ9EhwqT9xkcUVODnVUGirdB1JTsmiIv0o1uwqZiwhi8xNnTOQBRQCpizrQ=="],

    "@taplo/lib": ["@taplo/lib@0.5.0", "", { "dependencies": { "@taplo/core": "^0.2.0" } }, "sha512-+xIqpQXJco3T+VGaTTwmhxLa51qpkQxCjRwezjFZgr+l21ExlywJFcDfTrNmL6lG6tqb0h8GyJKO3UPGPtSCWg=="],

    "@types/bun": ["@types/bun@1.2.18", "", { "dependencies": { "bun-types": "1.2.18" } }, "sha512-Xf6RaWVheyemaThV0kUfaAUvCNokFr+bH8Jxp+tTZfx7dAPA8z9ePnP9S9+Vspzuxxx9JRAXhnyccRj3GyCMdQ=="],

    "@types/codemirror": ["@types/codemirror@5.60.8", "", { "dependencies": { "@types/tern": "*" } }, "sha512-VjFgDF/eB+Aklcy15TtOTLQeMjTo07k7KAjql8OK5Dirr7a6sJY4T1uVBDuTVG9VEmn1uUsohOpYnVfgC6/jyw=="],

    "@types/estree": ["@types/estree@1.0.8", "", {}, "sha512-dWHzHa2WqEXI/O1E9OjrocMTKJl2mSrEolh1Iomrv6U+JuNwaHXsXx9bLu5gG7BUWFIN0skIQJQ/L1rIex4X6w=="],

    "@types/luxon": ["@types/luxon@3.6.2", "", {}, "sha512-R/BdP7OxEMc44l2Ex5lSXHoIXTB2JLNa3y2QISIbr58U/YcsffyQrYW//hZSdrfxrjRZj3GcUoxMPGdO8gSYuw=="],

    "@types/node": ["@types/node@24.0.13", "", { "dependencies": { "undici-types": "~7.8.0" } }, "sha512-Qm9OYVOFHFYg3wJoTSrz80hoec5Lia/dPp84do3X7dZvLikQvM1YpmvTBEdIr/e+U8HTkFjLHLnl78K/qjf+jQ=="],

    "@types/react": ["@types/react@19.1.8", "", { "dependencies": { "csstype": "^3.0.2" } }, "sha512-AwAfQ2Wa5bCx9WP8nZL2uMZWod7J7/JSplxbTmBQ5ms6QpqNYm672H0Vu9ZVKVngQ+ii4R/byguVEUZQyeg44g=="],

    "@types/tern": ["@types/tern@0.23.9", "", { "dependencies": { "@types/estree": "*" } }, "sha512-ypzHFE/wBzh+BlH6rrBgS5I/Z7RD21pGhZ2rltb/+ZrVM1awdZwjx7hE5XfuYgHWk9uvV5HLZN3SloevCAp3Bw=="],

    "@xml-tools/parser": ["@xml-tools/parser@1.0.11", "", { "dependencies": { "chevrotain": "7.1.1" } }, "sha512-aKqQ077XnR+oQtHJlrAflaZaL7qZsulWc/i/ZEooar5JiWj1eLt0+Wg28cpa+XLney107wXqneC+oG1IZvxkTA=="],

    "anymatch": ["anymatch@3.1.3", "", { "dependencies": { "normalize-path": "^3.0.0", "picomatch": "^2.0.4" } }, "sha512-KMReFUr0B4t+D+OBkjR3KYqvocp2XaSzO55UcB6mgQMd3KbcE+mWTyvVV7D/zsdEbNnV6acZUutkiHQXvTr1Rw=="],

    "array-union": ["array-union@2.1.0", "", {}, "sha512-HGyxoOTYUyCM6stUe6EJgnd4EoewAI7zMdfqO+kGjnlZmBDz/cR5pf8r/cR4Wq60sL/p0IkcjUEEPwS3GFrIyw=="],

    "binary-extensions": ["binary-extensions@2.3.0", "", {}, "sha512-Ceh+7ox5qe7LJuLHoY0feh3pHuUDHAcRUeyL2VYghZwfpkNIy/+8Ocg0a3UuSoYzavmylwuLWQOf3hl0jjMMIw=="],

    "braces": ["braces@3.0.3", "", { "dependencies": { "fill-range": "^7.1.1" } }, "sha512-yQbXgO/OSZVD2IsiLlro+7Hf6Q18EJrKSEsdoMzKePKXct3gvD8oLcOQdIzGupr5Fj+EDe8gO/lxc1BzfMpxvA=="],

    "bun-types": ["bun-types@1.2.18", "", { "dependencies": { "@types/node": "*" }, "peerDependencies": { "@types/react": "^19" } }, "sha512-04+Eha5NP7Z0A9YgDAzMk5PHR16ZuLVa83b26kH5+cp1qZW4F6FmAURngE7INf4tKOvCE69vYvDEwoNl1tGiWw=="],

    "chevrotain": ["chevrotain@7.1.1", "", { "dependencies": { "regexp-to-ast": "0.5.0" } }, "sha512-wy3mC1x4ye+O+QkEinVJkPf5u2vsrDIYW9G7ZuwFl6v/Yu0LwUuT2POsb+NUWApebyxfkQq6+yDfRExbnI5rcw=="],

    "chokidar": ["chokidar@3.6.0", "", { "dependencies": { "anymatch": "~3.1.2", "braces": "~3.0.2", "glob-parent": "~5.1.2", "is-binary-path": "~2.1.0", "is-glob": "~4.0.1", "normalize-path": "~3.0.0", "readdirp": "~3.6.0" }, "optionalDependencies": { "fsevents": "~2.3.2" } }, "sha512-7VT13fmjotKpGipCW9JEQAusEPE+Ei8nl6/g4FBAmIm0GOOLMua9NDDo/DWp0ZAxCr3cPq5ZpBqmPAQgDda2Pw=="],

    "commander": ["commander@9.5.0", "", {}, "sha512-KRs7WVDKg86PWiuAqhDrAQnTXZKraVcCc6vFdL14qrZ/DcWwuRo7VoiYXalXO7S5GKpqYiVEwCbgFDfxNHKJBQ=="],

    "crelt": ["crelt@1.0.6", "", {}, "sha512-VQ2MBenTq1fWZUH9DJNGti7kKv6EeAuYr3cLwxUWhIu1baTaXh4Ib5W2CqHVqib4/MqbYGJqiL3Zb8GJZr3l4g=="],

    "csstype": ["csstype@3.1.3", "", {}, "sha512-M1uQkMl8rQK/szD0LNhtqxIPLpimGm8sOBwU7lLnCpSbTyY3yeU1Vc7l4KT5zT4s/yOxHH5O7tIuuLOCnLADRw=="],

    "dir-glob": ["dir-glob@3.0.1", "", { "dependencies": { "path-type": "^4.0.0" } }, "sha512-WkrWp9GR4KXfKGYzOLmTuGVi1UWFfws377n9cc55/tb6DuqyF6pcQ5AbiHEshaDpY9v6oaSr2XCDidGmMwdzIA=="],

    "emoji-regex": ["emoji-regex@10.4.0", "", {}, "sha512-EC+0oUMY1Rqm4O6LLrgjtYDvcVYTy7chDnM4Q7030tP4Kwj3u/pR6gP9ygnp2CJMK5Gq+9Q2oqmrFJAz01DXjw=="],

    "fast-glob": ["fast-glob@3.3.3", "", { "dependencies": { "@nodelib/fs.stat": "^2.0.2", "@nodelib/fs.walk": "^1.2.3", "glob-parent": "^5.1.2", "merge2": "^1.3.0", "micromatch": "^4.0.8" } }, "sha512-7MptL8U0cqcFdzIzwOTHoilX9x5BrNqye7Z/LuC7kCMRio1EMSyqRK3BEAUD7sXRq4iT4AzTVuZdhgQ2TCvYLg=="],

    "fastq": ["fastq@1.19.1", "", { "dependencies": { "reusify": "^1.0.4" } }, "sha512-GwLTyxkCXjXbxqIhTsMI2Nui8huMPtnxg7krajPJAjnEG/iiOS7i+zCtWGZR9G0NBKbXKh6X9m9UIsYX/N6vvQ=="],

    "fill-range": ["fill-range@7.1.1", "", { "dependencies": { "to-regex-range": "^5.0.1" } }, "sha512-YsGpe3WHLK8ZYi4tWDg2Jy3ebRz2rXowDxnld4bkQB00cc/1Zw9AWnC0i9ztDJitivtQvaI9KaLyKrc+hBW0yg=="],

    "fsevents": ["fsevents@2.3.3", "", { "os": "darwin" }, "sha512-5xoDfX+fL7faATnagmWPpbFtwh/R77WmMMqqHGS65C3vvB0YHrgF+B1YmZ3441tMj5n63k0212XNoJwzlhffQw=="],

    "get-tsconfig": ["get-tsconfig@4.10.1", "", { "dependencies": { "resolve-pkg-maps": "^1.0.0" } }, "sha512-auHyJ4AgMz7vgS8Hp3N6HXSmlMdUyhSUrfBF16w153rxtLIEOE+HGqaBppczZvnHLqQJfiHotCYpNhl0lUROFQ=="],

    "glob-parent": ["glob-parent@5.1.2", "", { "dependencies": { "is-glob": "^4.0.1" } }, "sha512-AOIgSQCepiJYwP3ARnGx+5VnTu2HBYdzbGP45eLw1vr3zB3vZLeyed1sC9hnbcOc9/SrMyM5RPQrkGz4aS9Zow=="],

    "globby": ["globby@11.1.0", "", { "dependencies": { "array-union": "^2.1.0", "dir-glob": "^3.0.1", "fast-glob": "^3.2.9", "ignore": "^5.2.0", "merge2": "^1.4.1", "slash": "^3.0.0" } }, "sha512-jhIXaOzy1sb8IyocaruWSn1TjmnBVs8Ayhcy83rmxNJ8q2uWKCAj3CnJY+KpGSXCueAPc0i05kVvVKtP1t9S3g=="],

    "ignore": ["ignore@5.3.2", "", {}, "sha512-hsBTNUqQTDwkWtcdYI2i06Y/nUBEsNEDJKjWdigLvegy8kDuJAS8uRlpkkcQpyEXL0Z/pjDy5HBmMjRCJ2gq+g=="],

    "immediate": ["immediate@3.0.6", "", {}, "sha512-XXOFtyqDjNDAQxVfYxuF7g9Il/IbWmmlQg2MYKOH8ExIT1qg6xc4zyS3HaEEATgs1btfzxq15ciUiY7gjSXRGQ=="],

    "is-binary-path": ["is-binary-path@2.1.0", "", { "dependencies": { "binary-extensions": "^2.0.0" } }, "sha512-ZMERYes6pDydyuGidse7OsHxtbI7WVeUEozgR/g7rd0xUimYNlvZRE/K2MgZTjWy725IfelLeVcEM97mmtRGXw=="],

    "is-extglob": ["is-extglob@2.1.1", "", {}, "sha512-SbKbANkN603Vi4jEZv49LeVJMn4yGwsbzZworEoyEiutsN3nJYdbO36zfhGJ6QEDpOZIFkDtnq5JRxmvl3jsoQ=="],

    "is-glob": ["is-glob@4.0.3", "", { "dependencies": { "is-extglob": "^2.1.1" } }, "sha512-xelSayHH36ZgE7ZWhli7pW34hNbNl8Ojv5KVmkJD4hBdD3th8Tfk9vYasLM+mXWOZhFkgZfxhLSnrwRr4elSSg=="],

    "is-number": ["is-number@7.0.0", "", {}, "sha512-41Cifkg6e8TylSpdtTpeLVMqvSBEVzTttHvERD741+pnZ8ANv0004MRL43QKPDlK9cGvNp6NZWZUBlbGXYxxng=="],

    "lie": ["lie@3.1.1", "", { "dependencies": { "immediate": "~3.0.5" } }, "sha512-RiNhHysUjhrDQntfYSfY4MU24coXXdEOgw9WGcKHNeEwffDYbF//u87M1EWaMGzuFoSbqW0C9C6lEEhDOAswfw=="],

    "localforage": ["localforage@1.10.0", "", { "dependencies": { "lie": "3.1.1" } }, "sha512-14/H1aX7hzBBmmh7sGPd+AOMkkIrHM3Z1PAyGgZigA1H1p5O5ANnMyWzvpAETtG68/dC4pC0ncy3+PPGzXZHPg=="],

    "luxon": ["luxon@3.7.1", "", {}, "sha512-RkRWjA926cTvz5rAb1BqyWkKbbjzCGchDUIKMCUvNi17j6f6j8uHGDV82Aqcqtzd+icoYpELmG3ksgGiFNNcNg=="],

    "merge2": ["merge2@1.4.1", "", {}, "sha512-8q7VEgMJW4J8tcfVPy8g09NcQwZdbwFEqhe/WZkoIzjn/3TGDwtOCYtXGxA3O8tPzpczCCDgv+P2P5y00ZJOOg=="],

    "micromatch": ["micromatch@4.0.8", "", { "dependencies": { "braces": "^3.0.3", "picomatch": "^2.3.1" } }, "sha512-PXwfBhYu0hBCPw8Dn0E+WDYb7af3dSLVWKi3HGv84IdF4TyFoC0ysxFd0Goxw7nSv4T/PzEJQxsYsEiFCKo2BA=="],

    "moment": ["moment@2.29.4", "", {}, "sha512-5LC9SOxjSc2HF6vO2CyuTDNivEdoz2IvyJJGj6X8DJ0eFyfszE0QiEd+iXmBvUP3WHxSjFH/vIsA0EN00cgr8w=="],

    "mylas": ["mylas@2.1.13", "", {}, "sha512-+MrqnJRtxdF+xngFfUUkIMQrUUL0KsxbADUkn23Z/4ibGg192Q+z+CQyiYwvWTsYjJygmMR8+w3ZDa98Zh6ESg=="],

    "normalize-path": ["normalize-path@3.0.0", "", {}, "sha512-6eZs5Ls3WtCisHWp9S2GUy8dqkpGi4BVSz3GaqiE6ezub0512ESztXUwUB6C6IKbQkY2Pnb/mD4WYojCRwcwLA=="],

    "obsidian": ["obsidian@github:obsidianmd/obsidian-api#103ff76", { "dependencies": { "@types/codemirror": "5.60.8", "moment": "2.29.4" }, "peerDependencies": { "@codemirror/state": "^6.0.0", "@codemirror/view": "^6.0.0" } }, "obsidianmd-obsidian-api-103ff76"],

    "obsidian-calendar-ui": ["obsidian-calendar-ui@0.3.12", "", { "dependencies": { "obsidian-daily-notes-interface": "0.8.4", "svelte": "3.35.0", "tslib": "2.1.0" } }, "sha512-hdoRqCPnukfRgCARgArXaqMQZ+Iai0eY7f0ZsFHHfywpv4gKg3Tx5p47UsLvRO5DD+4knlbrL7Gel57MkfcLTw=="],

    "obsidian-daily-notes-interface": ["obsidian-daily-notes-interface@0.8.4", "", { "dependencies": { "obsidian": "github:obsidianmd/obsidian-api#master", "tslib": "2.1.0" }, "bin": { "obsidian-daily-notes-interface": "dist/main.js" } }, "sha512-REKQtAuIOKDbvNH/th1C1gWmJWCP5tRn9T/mfZGZt4Zncgko7McXK0aSKFtEInipvgbZJ2nScivvyLdiWluSMw=="],

    "obsidian-dataview": ["obsidian-dataview@0.5.68", "", { "dependencies": { "@codemirror/language": "git+https://github.com/lishid/cm-language.git", "@codemirror/state": "^6.0.1", "@codemirror/view": "^6.0.1", "emoji-regex": "^10.0.0", "localforage": "^1.10.0", "luxon": "^3.2.0", "obsidian-calendar-ui": "^0.3.12", "papaparse": "^5.3.1", "parsimmon": "^1.18.0", "preact": "^10.6.5", "remove-markdown": "^0.5.5" } }, "sha512-eoYVxqgeAUM64fV6/YXWuXvmm9DaVoR1h/O+vBIHS0yQ+n9x5MaVndD3WjcVWuaJmrMM9iwvutkbZ0aCWpLmHw=="],

    "papaparse": ["papaparse@5.5.3", "", {}, "sha512-5QvjGxYVjxO59MGU2lHVYpRWBBtKHnlIAcSe1uNFCkkptUh63NFRj0FJQm7nR67puEruUci/ZkjmEFrjCAyP4A=="],

    "parsimmon": ["parsimmon@1.18.1", "", {}, "sha512-u7p959wLfGAhJpSDJVYXoyMCXWYwHia78HhRBWqk7AIbxdmlrfdp5wX0l3xv/iTSH5HvhN9K7o26hwwpgS5Nmw=="],

    "path-type": ["path-type@4.0.0", "", {}, "sha512-gDKb8aZMDeD/tZWs9P6+q0J9Mwkdl6xMV8TjnGP3qJVJ06bdMgkbBlLU8IdfOsIsFz2BW1rNVT3XuNEl8zPAvw=="],

    "picomatch": ["picomatch@2.3.1", "", {}, "sha512-JU3teHTNjmE2VCGFzuY8EXzCDVwEqB2a8fsIvwaStHhAWJEeVd1o1QD80CU6+ZdEXXSLbSsuLwJjkCBWqRQUVA=="],

    "plimit-lit": ["plimit-lit@1.6.1", "", { "dependencies": { "queue-lit": "^1.5.1" } }, "sha512-B7+VDyb8Tl6oMJT9oSO2CW8XC/T4UcJGrwOVoNGwOQsQYhlpfajmrMj5xeejqaASq3V/EqThyOeATEOMuSEXiA=="],

    "preact": ["preact@10.26.9", "", {}, "sha512-SSjF9vcnF27mJK1XyFMNJzFd5u3pQiATFqoaDy03XuN00u4ziveVVEGt5RKJrDR8MHE/wJo9Nnad56RLzS2RMA=="],

    "prettier": ["prettier@3.6.2", "", { "bin": { "prettier": "bin/prettier.cjs" } }, "sha512-I7AIg5boAr5R0FFtJ6rCfD+LFsWHp81dolrFD8S79U9tb8Az2nGrJncnMSnys+bpQJfRUzqs9hnA81OAA3hCuQ=="],

    "prettier-plugin-astro": ["prettier-plugin-astro@0.14.1", "", { "dependencies": { "@astrojs/compiler": "^2.9.1", "prettier": "^3.0.0", "sass-formatter": "^0.7.6" } }, "sha512-RiBETaaP9veVstE4vUwSIcdATj6dKmXljouXc/DDNwBSPTp8FRkLGDSGFClKsAFeeg+13SB0Z1JZvbD76bigJw=="],

    "prettier-plugin-sh": ["prettier-plugin-sh@0.18.0", "", { "dependencies": { "@reteps/dockerfmt": "^0.3.6", "sh-syntax": "^0.5.8" }, "peerDependencies": { "prettier": "^3.6.0" } }, "sha512-cW1XL27FOJQ/qGHOW6IHwdCiNWQsAgK+feA8V6+xUTaH0cD3Mh+tFAtBvEEWvuY6hTDzRV943Fzeii+qMOh7nQ=="],

    "prettier-plugin-tailwindcss": ["prettier-plugin-tailwindcss@0.6.14", "", { "peerDependencies": { "@ianvs/prettier-plugin-sort-imports": "*", "@prettier/plugin-hermes": "*", "@prettier/plugin-oxc": "*", "@prettier/plugin-pug": "*", "@shopify/prettier-plugin-liquid": "*", "@trivago/prettier-plugin-sort-imports": "*", "@zackad/prettier-plugin-twig": "*", "prettier": "^3.0", "prettier-plugin-astro": "*", "prettier-plugin-css-order": "*", "prettier-plugin-import-sort": "*", "prettier-plugin-jsdoc": "*", "prettier-plugin-marko": "*", "prettier-plugin-multiline-arrays": "*", "prettier-plugin-organize-attributes": "*", "prettier-plugin-organize-imports": "*", "prettier-plugin-sort-imports": "*", "prettier-plugin-style-order": "*", "prettier-plugin-svelte": "*" }, "optionalPeers": ["@ianvs/prettier-plugin-sort-imports", "@prettier/plugin-hermes", "@prettier/plugin-oxc", "@prettier/plugin-pug", "@shopify/prettier-plugin-liquid", "@trivago/prettier-plugin-sort-imports", "@zackad/prettier-plugin-twig", "prettier-plugin-astro", "prettier-plugin-css-order", "prettier-plugin-import-sort", "prettier-plugin-jsdoc", "prettier-plugin-marko", "prettier-plugin-multiline-arrays", "prettier-plugin-organize-attributes", "prettier-plugin-organize-imports", "prettier-plugin-sort-imports", "prettier-plugin-style-order", "prettier-plugin-svelte"] }, "sha512-pi2e/+ZygeIqntN+vC573BcW5Cve8zUB0SSAGxqpB4f96boZF4M3phPVoOFCeypwkpRYdi7+jQ5YJJUwrkGUAg=="],

    "prettier-plugin-toml": ["prettier-plugin-toml@2.0.6", "", { "dependencies": { "@taplo/lib": "^0.5.0" }, "peerDependencies": { "prettier": "^3.0.3" } }, "sha512-12N/wBuHa9jd/KVy9pRP20NMKxQfQLMseQCt66lIbLaPLItvGUcSIryE1eZZMJ7loSws6Ig3M2Elc2EreNh76w=="],

    "queue-lit": ["queue-lit@1.5.2", "", {}, "sha512-tLc36IOPeMAubu8BkW8YDBV+WyIgKlYU7zUNs0J5Vk9skSZ4JfGlPOqplP0aHdfv7HL0B2Pg6nwiq60Qc6M2Hw=="],

    "queue-microtask": ["queue-microtask@1.2.3", "", {}, "sha512-NuaNSa6flKT5JaSYQzJok04JzTL1CA6aGhv5rfLW3PgqA+M2ChpZQnAC8h8i4ZFkBS8X5RqkDBHA7r4hej3K9A=="],

    "readdirp": ["readdirp@3.6.0", "", { "dependencies": { "picomatch": "^2.2.1" } }, "sha512-hOS089on8RduqdbhvQ5Z37A0ESjsqz6qnRcffsMU3495FuTdqSm+7bhJ29JvIOsBDEEnan5DPu9t3To9VRlMzA=="],

    "regexp-to-ast": ["regexp-to-ast@0.5.0", "", {}, "sha512-tlbJqcMHnPKI9zSrystikWKwHkBqu2a/Sgw01h3zFjvYrMxEDYHzzoMZnUrbIfpTFEsoRnnviOXNCzFiSc54Qw=="],

    "remove-markdown": ["remove-markdown@0.5.5", "", {}, "sha512-lMR8tOtDqazFT6W2bZidoXwkptMdF3pCxpri0AEokHg0sZlC2GdoLqnoaxsEj1o7/BtXV1MKtT3YviA1t7rW7g=="],

    "resolve-pkg-maps": ["resolve-pkg-maps@1.0.0", "", {}, "sha512-seS2Tj26TBVOC2NIc2rOe2y2ZO7efxITtLZcGSOnHHNOQ7CkiUBfw0Iw2ck6xkIhPwLhKNLS8BO+hEpngQlqzw=="],

    "reusify": ["reusify@1.1.0", "", {}, "sha512-g6QUff04oZpHs0eG5p83rFLhHeV00ug/Yf9nZM6fLeUrPguBTkTQOdpAWWspMh55TZfVQDPaN3NQJfbVRAxdIw=="],

    "run-parallel": ["run-parallel@1.2.0", "", { "dependencies": { "queue-microtask": "^1.2.2" } }, "sha512-5l4VyZR86LZ/lDxZTR6jqL8AFE2S0IFLMP26AbjsLVADxHdhB/c0GUsH+y39UfCi3dzz8OlQuPmnaJOMoDHQBA=="],

    "s.color": ["s.color@0.0.15", "", {}, "sha512-AUNrbEUHeKY8XsYr/DYpl+qk5+aM+DChopnWOPEzn8YKzOhv4l2zH6LzZms3tOZP3wwdOyc0RmTciyi46HLIuA=="],

    "sass-formatter": ["sass-formatter@0.7.9", "", { "dependencies": { "suf-log": "^2.5.3" } }, "sha512-CWZ8XiSim+fJVG0cFLStwDvft1VI7uvXdCNJYXhDvowiv+DsbD1nXLiQ4zrE5UBvj5DWZJ93cwN0NX5PMsr1Pw=="],

    "sh-syntax": ["sh-syntax@0.5.8", "", { "dependencies": { "tslib": "^2.8.1" } }, "sha512-JfVoxf4FxQI5qpsPbkHhZo+n6N9YMJobyl4oGEUBb/31oQYlgTjkXQD8PBiafS2UbWoxrTO0Z5PJUBXEPAG1Zw=="],

    "slash": ["slash@3.0.0", "", {}, "sha512-g9Q1haeby36OSStwb4ntCGGGaKsaVSjQ68fBxoQcutl5fS1vuY18H3wSt3jFyFtrkx+Kz0V1G85A4MyAdDMi2Q=="],

    "style-mod": ["style-mod@4.1.2", "", {}, "sha512-wnD1HyVqpJUI2+eKZ+eo1UwghftP6yuFheBqqe+bWCotBjC2K1YnteJILRMs3SM4V/0dLEW1SC27MWP5y+mwmw=="],

    "suf-log": ["suf-log@2.5.3", "", { "dependencies": { "s.color": "0.0.15" } }, "sha512-KvC8OPjzdNOe+xQ4XWJV2whQA0aM1kGVczMQ8+dStAO6KfEB140JEVQ9dE76ONZ0/Ylf67ni4tILPJB41U0eow=="],

    "svelte": ["svelte@3.35.0", "", {}, "sha512-gknlZkR2sXheu/X+B7dDImwANVvK1R0QGQLd8CNIfxxGPeXBmePnxfzb6fWwTQRsYQG7lYkZXvpXJvxvpsoB7g=="],

    "to-regex-range": ["to-regex-range@5.0.1", "", { "dependencies": { "is-number": "^7.0.0" } }, "sha512-65P7iz6X5yEr1cwcgvQxbbIw7Uk3gOy5dIdtZ4rDveLqhrdJP+Li/Hx6tyK0NEb+2GCyneCMJiGqrADCSNk8sQ=="],

    "tsc-alias": ["tsc-alias@1.8.16", "", { "dependencies": { "chokidar": "^3.5.3", "commander": "^9.0.0", "get-tsconfig": "^4.10.0", "globby": "^11.0.4", "mylas": "^2.1.9", "normalize-path": "^3.0.0", "plimit-lit": "^1.2.6" }, "bin": { "tsc-alias": "dist/bin/index.js" } }, "sha512-QjCyu55NFyRSBAl6+MTFwplpFcnm2Pq01rR/uxfqJoLMm6X3O14KEGtaSDZpJYaE1bJBGDjD0eSuiIWPe2T58g=="],

    "tslib": ["tslib@2.1.0", "", {}, "sha512-hcVC3wYEziELGGmEEXue7D75zbwIIVUMWAVbHItGPx0ziyXxrOMQx4rQEVEV45Ut/1IotuEvwqPopzIOkDMf0A=="],

    "typescript": ["typescript@5.8.3", "", { "bin": { "tsc": "bin/tsc", "tsserver": "bin/tsserver" } }, "sha512-p1diW6TqL9L07nNxvRMM7hMMw4c5XOo/1ibL4aAIGmSAt9slTE1Xgw5KWuof2uTOvCg9BY7ZRi+GaF+7sfgPeQ=="],

    "undici-types": ["undici-types@7.8.0", "", {}, "sha512-9UJ2xGDvQ43tYyVMpuHlsgApydB8ZKfVYTsLDhXkFL/6gfkp+U8xTGdh8pMJv1SpZna0zxG1DwsKZsreLbXBxw=="],

    "w3c-keyname": ["w3c-keyname@2.2.8", "", {}, "sha512-dpojBhNsCNN7T82Tm7k26A6G9ML3NkhDsnw9n/eoxSRlVBB4CEtIQ/KTCLI2Fwf3ataSXRhYFkQi3SlnFwPvPQ=="],

    "sh-syntax/tslib": ["tslib@2.8.1", "", {}, "sha512-oJFu94HQb+KVduSUQL7wnpmqnfmLsOA/nAh6b6EH0wCEoK0/mPeXU6c3wKDV83MkOuHPRHtSXKKU99IBazS/2w=="],
  }
}
